
Microsoft Visual Studio Solution File, Format Version 12.00
# Visual Studio Version 17
VisualStudioVersion = 17.5.002.0
MinimumVisualStudioVersion = 10.0.40219.1
Project("{9A19103F-16F7-4668-BE54-9A1E7A4F7556}") = "PayloadGenerator", "PayloadGenerator.csproj", "{E0BD8594-F51A-4BDD-B718-6893385AE2BD}"
EndProject
Global
	GlobalSection(SolutionConfigurationPlatforms) = preSolution
		Debug|Any CPU = Debug|Any CPU
		Release|Any CPU = Release|Any CPU
	EndGlobalSection
	GlobalSection(ProjectConfigurationPlatforms) = postSolution
		{E0BD8594-F51A-4BDD-B718-6893385AE2BD}.Debug|Any CPU.ActiveCfg = Debug|Any CPU
		{E0BD8594-F51A-4BDD-B718-6893385AE2BD}.Debug|Any CPU.Build.0 = Debug|Any CPU
		{E0BD8594-F51A-4BDD-B718-6893385AE2BD}.Release|Any CPU.ActiveCfg = Release|Any CPU
		{E0BD8594-F51A-4BDD-B718-6893385AE2BD}.Release|Any CPU.Build.0 = Release|Any CPU
	EndGlobalSection
	GlobalSection(SolutionProperties) = preSolution
		HideSolutionNode = FALSE
	EndGlobalSection
	GlobalSection(ExtensibilityGlobals) = postSolution
		SolutionGuid = {F809557A-BE86-4F69-8EBA-59048FB0D5D0}
	EndGlobalSection
EndGlobal
